// !$*UTF8*$!
{
	archiveVersion = 1;
	classes = {
	};
	objectVersion = 56;
	objects = {

/* Begin PBXBuildFile section */
		7B56E075299EEC6D00D1E827 /* CSButton.swift in Sources */ = {isa = PBXBuildFile; fileRef = 7B56E074299EEC6D00D1E827 /* CSButton.swift */; };
		7B56E079299EED9200D1E827 /* UIView+Ext.swift in Sources */ = {isa = PBXBuildFile; fileRef = 7B56E078299EED9200D1E827 /* UIView+Ext.swift */; };
		7B8CDC1929A09F6B0009E909 /* Trailers.swift in Sources */ = {isa = PBXBuildFile; fileRef = 7B8CDC1829A09F6B0009E909 /* Trailers.swift */; };
		7B8CDC1B29A0A2750009E909 /* TrailersListVC.swift in Sources */ = {isa = PBXBuildFile; fileRef = 7B8CDC1A29A0A2750009E909 /* TrailersListVC.swift */; };
		7B8CDC1E29A1626B0009E909 /* TrailerCell.swift in Sources */ = {isa = PBXBuildFile; fileRef = 7B8CDC1D29A1626B0009E909 /* TrailerCell.swift */; };
		7B8CDC2129A16B660009E909 /* CSTitleLabel.swift in Sources */ = {isa = PBXBuildFile; fileRef = 7B8CDC2029A16B660009E909 /* CSTitleLabel.swift */; };
		7B8CDC2329A328CA0009E909 /* DocumentsListVC.swift in Sources */ = {isa = PBXBuildFile; fileRef = 7B8CDC2229A328CA0009E909 /* DocumentsListVC.swift */; };
		7B8CDC2529A401870009E909 /* DocumentCell.swift in Sources */ = {isa = PBXBuildFile; fileRef = 7B8CDC2429A401870009E909 /* DocumentCell.swift */; };
		7B8CDC2829A402ED0009E909 /* CSImageView.swift in Sources */ = {isa = PBXBuildFile; fileRef = 7B8CDC2729A402ED0009E909 /* CSImageView.swift */; };
		7B8CDC2B29A421690009E909 /* UIHelper.swift in Sources */ = {isa = PBXBuildFile; fileRef = 7B8CDC2A29A421690009E909 /* UIHelper.swift */; };
		7BF318BE2926F45000596E2D /* AppDelegate.swift in Sources */ = {isa = PBXBuildFile; fileRef = 7BF318BD2926F45000596E2D /* AppDelegate.swift */; };
		7BF318C02926F45000596E2D /* SceneDelegate.swift in Sources */ = {isa = PBXBuildFile; fileRef = 7BF318BF2926F45000596E2D /* SceneDelegate.swift */; };
		7BF318C72926F45100596E2D /* Assets.xcassets in Resources */ = {isa = PBXBuildFile; fileRef = 7BF318C62926F45100596E2D /* Assets.xcassets */; };
		7BF318CA2926F45100596E2D /* LaunchScreen.storyboard in Resources */ = {isa = PBXBuildFile; fileRef = 7BF318C82926F45100596E2D /* LaunchScreen.storyboard */; };
		7BF318D42926FA6F00596E2D /* CSTextField.swift in Sources */ = {isa = PBXBuildFile; fileRef = 7BF318D32926FA6F00596E2D /* CSTextField.swift */; };
		7BF318D82926FB5800596E2D /* LoginVC.swift in Sources */ = {isa = PBXBuildFile; fileRef = 7BF318D72926FB5800596E2D /* LoginVC.swift */; };
/* End PBXBuildFile section */

/* Begin PBXFileReference section */
		7B56E074299EEC6D00D1E827 /* CSButton.swift */ = {isa = PBXFileReference; lastKnownFileType = sourcecode.swift; path = CSButton.swift; sourceTree = "<group>"; };
		7B56E078299EED9200D1E827 /* UIView+Ext.swift */ = {isa = PBXFileReference; lastKnownFileType = sourcecode.swift; path = "UIView+Ext.swift"; sourceTree = "<group>"; };
		7B8CDC1829A09F6B0009E909 /* Trailers.swift */ = {isa = PBXFileReference; lastKnownFileType = sourcecode.swift; path = Trailers.swift; sourceTree = "<group>"; };
		7B8CDC1A29A0A2750009E909 /* TrailersListVC.swift */ = {isa = PBXFileReference; lastKnownFileType = sourcecode.swift; path = TrailersListVC.swift; sourceTree = "<group>"; };
		7B8CDC1D29A1626B0009E909 /* TrailerCell.swift */ = {isa = PBXFileReference; lastKnownFileType = sourcecode.swift; path = TrailerCell.swift; sourceTree = "<group>"; };
		7B8CDC2029A16B660009E909 /* CSTitleLabel.swift */ = {isa = PBXFileReference; lastKnownFileType = sourcecode.swift; path = CSTitleLabel.swift; sourceTree = "<group>"; };
		7B8CDC2229A328CA0009E909 /* DocumentsListVC.swift */ = {isa = PBXFileReference; lastKnownFileType = sourcecode.swift; path = DocumentsListVC.swift; sourceTree = "<group>"; };
		7B8CDC2429A401870009E909 /* DocumentCell.swift */ = {isa = PBXFileReference; lastKnownFileType = sourcecode.swift; path = DocumentCell.swift; sourceTree = "<group>"; };
		7B8CDC2729A402ED0009E909 /* CSImageView.swift */ = {isa = PBXFileReference; lastKnownFileType = sourcecode.swift; path = CSImageView.swift; sourceTree = "<group>"; };
		7B8CDC2A29A421690009E909 /* UIHelper.swift */ = {isa = PBXFileReference; lastKnownFileType = sourcecode.swift; path = UIHelper.swift; sourceTree = "<group>"; };
		7BF318BA2926F45000596E2D /* Cargo Solutions.app */ = {isa = PBXFileReference; explicitFileType = wrapper.application; includeInIndex = 0; path = "Cargo Solutions.app"; sourceTree = BUILT_PRODUCTS_DIR; };
		7BF318BD2926F45000596E2D /* AppDelegate.swift */ = {isa = PBXFileReference; lastKnownFileType = sourcecode.swift; path = AppDelegate.swift; sourceTree = "<group>"; };
		7BF318BF2926F45000596E2D /* SceneDelegate.swift */ = {isa = PBXFileReference; lastKnownFileType = sourcecode.swift; path = SceneDelegate.swift; sourceTree = "<group>"; };
		7BF318C62926F45100596E2D /* Assets.xcassets */ = {isa = PBXFileReference; lastKnownFileType = folder.assetcatalog; path = Assets.xcassets; sourceTree = "<group>"; };
		7BF318C92926F45100596E2D /* Base */ = {isa = PBXFileReference; lastKnownFileType = file.storyboard; name = Base; path = Base.lproj/LaunchScreen.storyboard; sourceTree = "<group>"; };
		7BF318CB2926F45100596E2D /* Info.plist */ = {isa = PBXFileReference; lastKnownFileType = text.plist.xml; path = Info.plist; sourceTree = "<group>"; };
		7BF318D32926FA6F00596E2D /* CSTextField.swift */ = {isa = PBXFileReference; lastKnownFileType = sourcecode.swift; path = CSTextField.swift; sourceTree = "<group>"; };
		7BF318D72926FB5800596E2D /* LoginVC.swift */ = {isa = PBXFileReference; lastKnownFileType = sourcecode.swift; path = LoginVC.swift; sourceTree = "<group>"; };
/* End PBXFileReference section */

/* Begin PBXFrameworksBuildPhase section */
		7BF318B72926F45000596E2D /* Frameworks */ = {
			isa = PBXFrameworksBuildPhase;
			buildActionMask = 2147483647;
			files = (
			);
			runOnlyForDeploymentPostprocessing = 0;
		};
/* End PBXFrameworksBuildPhase section */

/* Begin PBXGroup section */
		7B56E073299EEC5A00D1E827 /* Buttons */ = {
			isa = PBXGroup;
			children = (
				7B56E074299EEC6D00D1E827 /* CSButton.swift */,
			);
			path = Buttons;
			sourceTree = "<group>";
		};
		7B56E077299EED7900D1E827 /* Extensions */ = {
			isa = PBXGroup;
			children = (
				7B56E078299EED9200D1E827 /* UIView+Ext.swift */,
			);
			path = Extensions;
			sourceTree = "<group>";
		};
		7B8CDC1729A09F4B0009E909 /* Models */ = {
			isa = PBXGroup;
			children = (
				7B8CDC1829A09F6B0009E909 /* Trailers.swift */,
			);
			path = Models;
			sourceTree = "<group>";
		};
		7B8CDC1C29A162450009E909 /* Cells */ = {
			isa = PBXGroup;
			children = (
				7B8CDC1D29A1626B0009E909 /* TrailerCell.swift */,
				7B8CDC2429A401870009E909 /* DocumentCell.swift */,
			);
			path = Cells;
			sourceTree = "<group>";
		};
		7B8CDC1F29A16B290009E909 /* Labels */ = {
			isa = PBXGroup;
			children = (
				7B8CDC2029A16B660009E909 /* CSTitleLabel.swift */,
			);
			path = Labels;
			sourceTree = "<group>";
		};
		7B8CDC2629A402D10009E909 /* Image Views */ = {
			isa = PBXGroup;
			children = (
				7B8CDC2729A402ED0009E909 /* CSImageView.swift */,
			);
			path = "Image Views";
			sourceTree = "<group>";
		};
		7B8CDC2929A421500009E909 /* Utilities */ = {
			isa = PBXGroup;
			children = (
				7B8CDC2A29A421690009E909 /* UIHelper.swift */,
			);
			path = Utilities;
			sourceTree = "<group>";
		};
		7BF318B12926F45000596E2D = {
			isa = PBXGroup;
			children = (
				7BF318BC2926F45000596E2D /* Cargo Solutions */,
				7BF318BB2926F45000596E2D /* Products */,
			);
			sourceTree = "<group>";
		};
		7BF318BB2926F45000596E2D /* Products */ = {
			isa = PBXGroup;
			children = (
				7BF318BA2926F45000596E2D /* Cargo Solutions.app */,
			);
			name = Products;
			sourceTree = "<group>";
		};
		7BF318BC2926F45000596E2D /* Cargo Solutions */ = {
			isa = PBXGroup;
			children = (
				7B8CDC2929A421500009E909 /* Utilities */,
				7B8CDC1729A09F4B0009E909 /* Models */,
				7B56E077299EED7900D1E827 /* Extensions */,
				7BF318D52926FAB700596E2D /* Screens */,
				7BF318D12926FA4000596E2D /* Custom Views */,
				7BF318D62926FAD300596E2D /* Support */,
				7BF318CB2926F45100596E2D /* Info.plist */,
			);
			path = "Cargo Solutions";
			sourceTree = "<group>";
		};
		7BF318D12926FA4000596E2D /* Custom Views */ = {
			isa = PBXGroup;
			children = (
				7B8CDC2629A402D10009E909 /* Image Views */,
				7B8CDC1F29A16B290009E909 /* Labels */,
				7B8CDC1C29A162450009E909 /* Cells */,
				7B56E073299EEC5A00D1E827 /* Buttons */,
				7BF318D22926FA4500596E2D /* Text Fields */,
			);
			path = "Custom Views";
			sourceTree = "<group>";
		};
		7BF318D22926FA4500596E2D /* Text Fields */ = {
			isa = PBXGroup;
			children = (
				7BF318D32926FA6F00596E2D /* CSTextField.swift */,
			);
			path = "Text Fields";
			sourceTree = "<group>";
		};
		7BF318D52926FAB700596E2D /* Screens */ = {
			isa = PBXGroup;
			children = (
				7BF318D72926FB5800596E2D /* LoginVC.swift */,
				7B8CDC1A29A0A2750009E909 /* TrailersListVC.swift */,
				7B8CDC2229A328CA0009E909 /* DocumentsListVC.swift */,
			);
			path = Screens;
			sourceTree = "<group>";
		};
		7BF318D62926FAD300596E2D /* Support */ = {
			isa = PBXGroup;
			children = (
				7BF318C82926F45100596E2D /* LaunchScreen.storyboard */,
				7BF318C62926F45100596E2D /* Assets.xcassets */,
				7BF318BD2926F45000596E2D /* AppDelegate.swift */,
				7BF318BF2926F45000596E2D /* SceneDelegate.swift */,
			);
			path = Support;
			sourceTree = "<group>";
		};
/* End PBXGroup section */

/* Begin PBXNativeTarget section */
		7BF318B92926F45000596E2D /* Cargo Solutions */ = {
			isa = PBXNativeTarget;
			buildConfigurationList = 7BF318CE2926F45100596E2D /* Build configuration list for PBXNativeTarget "Cargo Solutions" */;
			buildPhases = (
				7BF318B62926F45000596E2D /* Sources */,
				7BF318B72926F45000596E2D /* Frameworks */,
				7BF318B82926F45000596E2D /* Resources */,
			);
			buildRules = (
			);
			dependencies = (
			);
			name = "Cargo Solutions";
			productName = "Cargo Solutions";
			productReference = 7BF318BA2926F45000596E2D /* Cargo Solutions.app */;
			productType = "com.apple.product-type.application";
		};
/* End PBXNativeTarget section */

/* Begin PBXProject section */
		7BF318B22926F45000596E2D /* Project object */ = {
			isa = PBXProject;
			attributes = {
				BuildIndependentTargetsInParallel = 1;
				LastSwiftUpdateCheck = 1410;
				LastUpgradeCheck = 1410;
				TargetAttributes = {
					7BF318B92926F45000596E2D = {
						CreatedOnToolsVersion = 14.1;
					};
				};
			};
			buildConfigurationList = 7BF318B52926F45000596E2D /* Build configuration list for PBXProject "Cargo Solutions" */;
			compatibilityVersion = "Xcode 14.0";
			developmentRegion = en;
			hasScannedForEncodings = 0;
			knownRegions = (
				en,
				Base,
			);
			mainGroup = 7BF318B12926F45000596E2D;
			productRefGroup = 7BF318BB2926F45000596E2D /* Products */;
			projectDirPath = "";
			projectRoot = "";
			targets = (
				7BF318B92926F45000596E2D /* Cargo Solutions */,
			);
		};
/* End PBXProject section */

/* Begin PBXResourcesBuildPhase section */
		7BF318B82926F45000596E2D /* Resources */ = {
			isa = PBXResourcesBuildPhase;
			buildActionMask = 2147483647;
			files = (
				7BF318CA2926F45100596E2D /* LaunchScreen.storyboard in Resources */,
				7BF318C72926F45100596E2D /* Assets.xcassets in Resources */,
			);
			runOnlyForDeploymentPostprocessing = 0;
		};
/* End PBXResourcesBuildPhase section */

/* Begin PBXSourcesBuildPhase section */
		7BF318B62926F45000596E2D /* Sources */ = {
			isa = PBXSourcesBuildPhase;
			buildActionMask = 2147483647;
			files = (
				7B8CDC2529A401870009E909 /* DocumentCell.swift in Sources */,
				7B8CDC2329A328CA0009E909 /* DocumentsListVC.swift in Sources */,
				7B8CDC2829A402ED0009E909 /* CSImageView.swift in Sources */,
				7B8CDC1E29A1626B0009E909 /* TrailerCell.swift in Sources */,
				7B8CDC2129A16B660009E909 /* CSTitleLabel.swift in Sources */,
				7BF318BE2926F45000596E2D /* AppDelegate.swift in Sources */,
				7B56E075299EEC6D00D1E827 /* CSButton.swift in Sources */,
				7B8CDC1B29A0A2750009E909 /* TrailersListVC.swift in Sources */,
				7B56E079299EED9200D1E827 /* UIView+Ext.swift in Sources */,
				7BF318C02926F45000596E2D /* SceneDelegate.swift in Sources */,
				7BF318D82926FB5800596E2D /* LoginVC.swift in Sources */,
				7B8CDC1929A09F6B0009E909 /* Trailers.swift in Sources */,
				7BF318D42926FA6F00596E2D /* CSTextField.swift in Sources */,
				7B8CDC2B29A421690009E909 /* UIHelper.swift in Sources */,
			);
			runOnlyForDeploymentPostprocessing = 0;
		};
/* End PBXSourcesBuildPhase section */

/* Begin PBXVariantGroup section */
		7BF318C82926F45100596E2D /* LaunchScreen.storyboard */ = {
			isa = PBXVariantGroup;
			children = (
				7BF318C92926F45100596E2D /* Base */,
			);
			name = LaunchScreen.storyboard;
			sourceTree = "<group>";
		};
/* End PBXVariantGroup section */

/* Begin XCBuildConfiguration section */
		7BF318CC2926F45100596E2D /* Debug */ = {
			isa = XCBuildConfiguration;
			buildSettings = {
				ALWAYS_SEARCH_USER_PATHS = NO;
				CLANG_ANALYZER_NONNULL = YES;
				CLANG_ANALYZER_NUMBER_OBJECT_CONVERSION = YES_AGGRESSIVE;
				CLANG_CXX_LANGUAGE_STANDARD = "gnu++20";
				CLANG_ENABLE_MODULES = YES;
				CLANG_ENABLE_OBJC_ARC = YES;
				CLANG_ENABLE_OBJC_WEAK = YES;
				CLANG_WARN_BLOCK_CAPTURE_AUTORELEASING = YES;
				CLANG_WARN_BOOL_CONVERSION = YES;
				CLANG_WARN_COMMA = YES;
				CLANG_WARN_CONSTANT_CONVERSION = YES;
				CLANG_WARN_DEPRECATED_OBJC_IMPLEMENTATIONS = YES;
				CLANG_WARN_DIRECT_OBJC_ISA_USAGE = YES_ERROR;
				CLANG_WARN_DOCUMENTATION_COMMENTS = YES;
				CLANG_WARN_EMPTY_BODY = YES;
				CLANG_WARN_ENUM_CONVERSION = YES;
				CLANG_WARN_INFINITE_RECURSION = YES;
				CLANG_WARN_INT_CONVERSION = YES;
				CLANG_WARN_NON_LITERAL_NULL_CONVERSION = YES;
				CLANG_WARN_OBJC_IMPLICIT_RETAIN_SELF = YES;
				CLANG_WARN_OBJC_LITERAL_CONVERSION = YES;
				CLANG_WARN_OBJC_ROOT_CLASS = YES_ERROR;
				CLANG_WARN_QUOTED_INCLUDE_IN_FRAMEWORK_HEADER = YES;
				CLANG_WARN_RANGE_LOOP_ANALYSIS = YES;
				CLANG_WARN_STRICT_PROTOTYPES = YES;
				CLANG_WARN_SUSPICIOUS_MOVE = YES;
				CLANG_WARN_UNGUARDED_AVAILABILITY = YES_AGGRESSIVE;
				CLANG_WARN_UNREACHABLE_CODE = YES;
				CLANG_WARN__DUPLICATE_METHOD_MATCH = YES;
				COPY_PHASE_STRIP = NO;
				DEBUG_INFORMATION_FORMAT = dwarf;
				ENABLE_STRICT_OBJC_MSGSEND = YES;
				ENABLE_TESTABILITY = YES;
				GCC_C_LANGUAGE_STANDARD = gnu11;
				GCC_DYNAMIC_NO_PIC = NO;
				GCC_NO_COMMON_BLOCKS = YES;
				GCC_OPTIMIZATION_LEVEL = 0;
				GCC_PREPROCESSOR_DEFINITIONS = (
					"DEBUG=1",
					"$(inherited)",
				);
				GCC_WARN_64_TO_32_BIT_CONVERSION = YES;
				GCC_WARN_ABOUT_RETURN_TYPE = YES_ERROR;
				GCC_WARN_UNDECLARED_SELECTOR = YES;
				GCC_WARN_UNINITIALIZED_AUTOS = YES_AGGRESSIVE;
				GCC_WARN_UNUSED_FUNCTION = YES;
				GCC_WARN_UNUSED_VARIABLE = YES;
				IPHONEOS_DEPLOYMENT_TARGET = 16.1;
				MTL_ENABLE_DEBUG_INFO = INCLUDE_SOURCE;
				MTL_FAST_MATH = YES;
				ONLY_ACTIVE_ARCH = YES;
				SDKROOT = iphoneos;
				SWIFT_ACTIVE_COMPILATION_CONDITIONS = DEBUG;
				SWIFT_OPTIMIZATION_LEVEL = "-Onone";
			};
			name = Debug;
		};
		7BF318CD2926F45100596E2D /* Release */ = {
			isa = XCBuildConfiguration;
			buildSettings = {
				ALWAYS_SEARCH_USER_PATHS = NO;
				CLANG_ANALYZER_NONNULL = YES;
				CLANG_ANALYZER_NUMBER_OBJECT_CONVERSION = YES_AGGRESSIVE;
				CLANG_CXX_LANGUAGE_STANDARD = "gnu++20";
				CLANG_ENABLE_MODULES = YES;
				CLANG_ENABLE_OBJC_ARC = YES;
				CLANG_ENABLE_OBJC_WEAK = YES;
				CLANG_WARN_BLOCK_CAPTURE_AUTORELEASING = YES;
				CLANG_WARN_BOOL_CONVERSION = YES;
				CLANG_WARN_COMMA = YES;
				CLANG_WARN_CONSTANT_CONVERSION = YES;
				CLANG_WARN_DEPRECATED_OBJC_IMPLEMENTATIONS = YES;
				CLANG_WARN_DIRECT_OBJC_ISA_USAGE = YES_ERROR;
				CLANG_WARN_DOCUMENTATION_COMMENTS = YES;
				CLANG_WARN_EMPTY_BODY = YES;
				CLANG_WARN_ENUM_CONVERSION = YES;
				CLANG_WARN_INFINITE_RECURSION = YES;
				CLANG_WARN_INT_CONVERSION = YES;
				CLANG_WARN_NON_LITERAL_NULL_CONVERSION = YES;
				CLANG_WARN_OBJC_IMPLICIT_RETAIN_SELF = YES;
				CLANG_WARN_OBJC_LITERAL_CONVERSION = YES;
				CLANG_WARN_OBJC_ROOT_CLASS = YES_ERROR;
				CLANG_WARN_QUOTED_INCLUDE_IN_FRAMEWORK_HEADER = YES;
				CLANG_WARN_RANGE_LOOP_ANALYSIS = YES;
				CLANG_WARN_STRICT_PROTOTYPES = YES;
				CLANG_WARN_SUSPICIOUS_MOVE = YES;
				CLANG_WARN_UNGUARDED_AVAILABILITY = YES_AGGRESSIVE;
				CLANG_WARN_UNREACHABLE_CODE = YES;
				CLANG_WARN__DUPLICATE_METHOD_MATCH = YES;
				COPY_PHASE_STRIP = NO;
				DEBUG_INFORMATION_FORMAT = "dwarf-with-dsym";
				ENABLE_NS_ASSERTIONS = NO;
				ENABLE_STRICT_OBJC_MSGSEND = YES;
				GCC_C_LANGUAGE_STANDARD = gnu11;
				GCC_NO_COMMON_BLOCKS = YES;
				GCC_WARN_64_TO_32_BIT_CONVERSION = YES;
				GCC_WARN_ABOUT_RETURN_TYPE = YES_ERROR;
				GCC_WARN_UNDECLARED_SELECTOR = YES;
				GCC_WARN_UNINITIALIZED_AUTOS = YES_AGGRESSIVE;
				GCC_WARN_UNUSED_FUNCTION = YES;
				GCC_WARN_UNUSED_VARIABLE = YES;
				IPHONEOS_DEPLOYMENT_TARGET = 16.1;
				MTL_ENABLE_DEBUG_INFO = NO;
				MTL_FAST_MATH = YES;
				SDKROOT = iphoneos;
				SWIFT_COMPILATION_MODE = wholemodule;
				SWIFT_OPTIMIZATION_LEVEL = "-O";
				VALIDATE_PRODUCT = YES;
			};
			name = Release;
		};
		7BF318CF2926F45100596E2D /* Debug */ = {
			isa = XCBuildConfiguration;
			buildSettings = {
				ASSETCATALOG_COMPILER_APPICON_NAME = AppIcon;
				ASSETCATALOG_COMPILER_GLOBAL_ACCENT_COLOR_NAME = AccentColor;
				CODE_SIGN_STYLE = Automatic;
				CURRENT_PROJECT_VERSION = 1;
				DEVELOPMENT_TEAM = LZJ23VSD72;
				GENERATE_INFOPLIST_FILE = YES;
				INFOPLIST_FILE = "Cargo Solutions/Info.plist";
				INFOPLIST_KEY_NSCameraUsageDescription = "This app uses the camera to allow you to scan documents";
				INFOPLIST_KEY_UIApplicationSupportsIndirectInputEvents = YES;
				INFOPLIST_KEY_UILaunchStoryboardName = LaunchScreen;
				INFOPLIST_KEY_UISupportedInterfaceOrientations = UIInterfaceOrientationPortrait;
				LD_RUNPATH_SEARCH_PATHS = (
					"$(inherited)",
					"@executable_path/Frameworks",
				);
				MARKETING_VERSION = 1.0;
				PRODUCT_BUNDLE_IDENTIFIER = "com.christiand.Cargo-Solutions";
				PRODUCT_NAME = "$(TARGET_NAME)";
				SWIFT_EMIT_LOC_STRINGS = YES;
				SWIFT_VERSION = 5.0;
				TARGETED_DEVICE_FAMILY = "1,2";
			};
			name = Debug;
		};
		7BF318D02926F45100596E2D /* Release */ = {
			isa = XCBuildConfiguration;
			buildSettings = {
				ASSETCATALOG_COMPILER_APPICON_NAME = AppIcon;
				ASSETCATALOG_COMPILER_GLOBAL_ACCENT_COLOR_NAME = AccentColor;
				CODE_SIGN_STYLE = Automatic;
				CURRENT_PROJECT_VERSION = 1;
				DEVELOPMENT_TEAM = LZJ23VSD72;
				GENERATE_INFOPLIST_FILE = YES;
				INFOPLIST_FILE = "Cargo Solutions/Info.plist";
				INFOPLIST_KEY_NSCameraUsageDescription = "This app uses the camera to allow you to scan documents";
				INFOPLIST_KEY_UIApplicationSupportsIndirectInputEvents = YES;
				INFOPLIST_KEY_UILaunchStoryboardName = LaunchScreen;
				INFOPLIST_KEY_UISupportedInterfaceOrientations = UIInterfaceOrientationPortrait;
				LD_RUNPATH_SEARCH_PATHS = (
					"$(inherited)",
					"@executable_path/Frameworks",
				);
				MARKETING_VERSION = 1.0;
				PRODUCT_BUNDLE_IDENTIFIER = "com.christiand.Cargo-Solutions";
				PRODUCT_NAME = "$(TARGET_NAME)";
				SWIFT_EMIT_LOC_STRINGS = YES;
				SWIFT_VERSION = 5.0;
				TARGETED_DEVICE_FAMILY = "1,2";
			};
			name = Release;
		};
/* End XCBuildConfiguration section */

/* Begin XCConfigurationList section */
		7BF318B52926F45000596E2D /* Build configuration list for PBXProject "Cargo Solutions" */ = {
			isa = XCConfigurationList;
			buildConfigurations = (
				7BF318CC2926F45100596E2D /* Debug */,
				7BF318CD2926F45100596E2D /* Release */,
			);
			defaultConfigurationIsVisible = 0;
			defaultConfigurationName = Release;
		};
		7BF318CE2926F45100596E2D /* Build configuration list for PBXNativeTarget "Cargo Solutions" */ = {
			isa = XCConfigurationList;
			buildConfigurations = (
				7BF318CF2926F45100596E2D /* Debug */,
				7BF318D02926F45100596E2D /* Release */,
			);
			defaultConfigurationIsVisible = 0;
			defaultConfigurationName = Release;
		};
/* End XCConfigurationList section */
	};
	rootObject = 7BF318B22926F45000596E2D /* Project object */;
}
